
Microsoft Visual Studio Solution File, Format Version 12.00
# Visual Studio Version 17
VisualStudioVersion = 17.1.32210.238
MinimumVisualStudioVersion = 10.0.40219.1
Project("{9A19103F-16F7-4668-BE54-9A1E7A4F7556}") = "endavaRestApi", "endavaRestApi.csproj", "{CC9B7EFB-E3D1-41DD-8AA3-6EB53EE97CFD}"
EndProject
Project("{FAE04EC0-301F-11D3-BF4B-00C04F79EFBC}") = "UnitTest", "..\UnitTest\UnitTest.csproj", "{C085A3CD-1BE0-4990-9526-B57AB60BFC1F}"
EndProject
Project("{FAE04EC0-301F-11D3-BF4B-00C04F79EFBC}") = "NetworkUtility", "..\NetworkUtility\NetworkUtility.csproj", "{1A91BF72-F92B-4106-A338-6570DA724F23}"
EndProject
Project("{FAE04EC0-301F-11D3-BF4B-00C04F79EFBC}") = "NetworkUtility.Test", "..\NetworkUtility.Test\NetworkUtility.Test.csproj", "{AB4D439E-FAF8-46E7-9C13-A159C8863227}"
EndProject
Global
	GlobalSection(SolutionConfigurationPlatforms) = preSolution
		Debug|Any CPU = Debug|Any CPU
		Release|Any CPU = Release|Any CPU
	EndGlobalSection
	GlobalSection(ProjectConfigurationPlatforms) = postSolution
		{CC9B7EFB-E3D1-41DD-8AA3-6EB53EE97CFD}.Debug|Any CPU.ActiveCfg = Debug|Any CPU
		{CC9B7EFB-E3D1-41DD-8AA3-6EB53EE97CFD}.Debug|Any CPU.Build.0 = Debug|Any CPU
		{CC9B7EFB-E3D1-41DD-8AA3-6EB53EE97CFD}.Release|Any CPU.ActiveCfg = Release|Any CPU
		{CC9B7EFB-E3D1-41DD-8AA3-6EB53EE97CFD}.Release|Any CPU.Build.0 = Release|Any CPU
		{C085A3CD-1BE0-4990-9526-B57AB60BFC1F}.Debug|Any CPU.ActiveCfg = Debug|Any CPU
		{C085A3CD-1BE0-4990-9526-B57AB60BFC1F}.Debug|Any CPU.Build.0 = Debug|Any CPU
		{C085A3CD-1BE0-4990-9526-B57AB60BFC1F}.Release|Any CPU.ActiveCfg = Release|Any CPU
		{C085A3CD-1BE0-4990-9526-B57AB60BFC1F}.Release|Any CPU.Build.0 = Release|Any CPU
		{1A91BF72-F92B-4106-A338-6570DA724F23}.Debug|Any CPU.ActiveCfg = Debug|Any CPU
		{1A91BF72-F92B-4106-A338-6570DA724F23}.Debug|Any CPU.Build.0 = Debug|Any CPU
		{1A91BF72-F92B-4106-A338-6570DA724F23}.Release|Any CPU.ActiveCfg = Release|Any CPU
		{1A91BF72-F92B-4106-A338-6570DA724F23}.Release|Any CPU.Build.0 = Release|Any CPU
		{AB4D439E-FAF8-46E7-9C13-A159C8863227}.Debug|Any CPU.ActiveCfg = Debug|Any CPU
		{AB4D439E-FAF8-46E7-9C13-A159C8863227}.Debug|Any CPU.Build.0 = Debug|Any CPU
		{AB4D439E-FAF8-46E7-9C13-A159C8863227}.Release|Any CPU.ActiveCfg = Release|Any CPU
		{AB4D439E-FAF8-46E7-9C13-A159C8863227}.Release|Any CPU.Build.0 = Release|Any CPU
	EndGlobalSection
	GlobalSection(SolutionProperties) = preSolution
		HideSolutionNode = FALSE
	EndGlobalSection
	GlobalSection(ExtensibilityGlobals) = postSolution
		SolutionGuid = {239A2F69-B8B0-4176-B216-468022C9A10F}
	EndGlobalSection
EndGlobal
